
Microsoft Visual Studio Solution File, Format Version 12.00
# Visual Studio Version 17
VisualStudioVersion = 17.7.34018.315
MinimumVisualStudioVersion = 10.0.40219.1
Project("{F184B08F-C81C-45F6-A57F-5ABD9991F28F}") = "WellnessPlus", "WellnessPlus.vbproj", "{18AE6CEF-C5C3-4B18-9258-0B231A402E21}"
EndProject
Global
	GlobalSection(SolutionConfigurationPlatforms) = preSolution
		Debug|Any CPU = Debug|Any CPU
		Release|Any CPU = Release|Any CPU
	EndGlobalSection
	GlobalSection(ProjectConfigurationPlatforms) = postSolution
		{18AE6CEF-C5C3-4B18-9258-0B231A402E21}.Debug|Any CPU.ActiveCfg = Debug|Any CPU
		{18AE6CEF-C5C3-4B18-9258-0B231A402E21}.Debug|Any CPU.Build.0 = Debug|Any CPU
		{18AE6CEF-C5C3-4B18-9258-0B231A402E21}.Release|Any CPU.ActiveCfg = Release|Any CPU
		{18AE6CEF-C5C3-4B18-9258-0B231A402E21}.Release|Any CPU.Build.0 = Release|Any CPU
	EndGlobalSection
	GlobalSection(SolutionProperties) = preSolution
		HideSolutionNode = FALSE
	EndGlobalSection
	GlobalSection(ExtensibilityGlobals) = postSolution
		SolutionGuid = {3FE41233-8D9D-44CA-867C-9F277A3B594B}
	EndGlobalSection
EndGlobal
